
Microsoft Visual Studio Solution File, Format Version 12.00
# Visual Studio Version 17
VisualStudioVersion = 17.4.33110.190
MinimumVisualStudioVersion = 10.0.40219.1
Project("{FAE04EC0-301F-11D3-BF4B-00C04F79EFBC}") = "MathCalculator", "MathCalculator\MathCalculator.csproj", "{220E8313-DDDD-4B0E-8315-096A0488D223}"
EndProject
Global
	GlobalSection(SolutionConfigurationPlatforms) = preSolution
		Debug|Any CPU = Debug|Any CPU
		Release|Any CPU = Release|Any CPU
	EndGlobalSection
	GlobalSection(ProjectConfigurationPlatforms) = postSolution
		{220E8313-DDDD-4B0E-8315-096A0488D223}.Debug|Any CPU.ActiveCfg = Debug|Any CPU
		{220E8313-DDDD-4B0E-8315-096A0488D223}.Debug|Any CPU.Build.0 = Debug|Any CPU
		{220E8313-DDDD-4B0E-8315-096A0488D223}.Release|Any CPU.ActiveCfg = Release|Any CPU
		{220E8313-DDDD-4B0E-8315-096A0488D223}.Release|Any CPU.Build.0 = Release|Any CPU
	EndGlobalSection
	GlobalSection(SolutionProperties) = preSolution
		HideSolutionNode = FALSE
	EndGlobalSection
	GlobalSection(ExtensibilityGlobals) = postSolution
		SolutionGuid = {F9E3B3D8-4027-49CC-916B-5467CBFF6000}
	EndGlobalSection
EndGlobal
